{
  "version": 4,
  "terraform_version": "1.9.3",
  "serial": 61,
  "lineage": "194f4d22-1d94-218f-6bbe-5ea1ff401525",
  "outputs": {
    "external_ipv4_address1": {
      "value": "51.250.80.122",
      "type": "string"
    },
    "external_ipv4_address2": {
      "value": "89.169.142.45",
      "type": "string"
    }
  },
  "resources": [
    {
      "mode": "managed",
      "type": "yandex_compute_disk",
      "name": "disk-elasticsearch",
      "provider": "provider[\"registry.terraform.io/yandex-cloud/yandex\"]",
      "instances": [
        {
          "schema_version": 0,
          "attributes": {
            "allow_recreate": null,
            "block_size": 4096,
            "created_at": "2025-02-17T15:41:06Z",
            "description": "",
            "disk_placement_policy": [
              {
                "disk_placement_group_id": ""
              }
            ],
            "folder_id": "b1gsm1o1ftsmgc28ausj",
            "hardware_generation": [
              {
                "generation2_features": [],
                "legacy_features": [
                  {
                    "pci_topology": "PCI_TOPOLOGY_V1"
                  }
                ]
              }
            ],
            "id": "fhmf7qfalm3gatc5jjdj",
            "image_id": "fd8rg0kng2d1kg23eu3r",
            "kms_key_id": null,
            "labels": null,
            "name": "disk-elasticsearch",
            "product_ids": [
              "f2e0ehul0bqtdejbna11"
            ],
            "size": 12,
            "snapshot_id": "",
            "status": "ready",
            "timeouts": null,
            "type": "network-hdd",
            "zone": "ru-central1-a"
          },
          "sensitive_attributes": [],
          "private": "eyJlMmJmYjczMC1lY2FhLTExZTYtOGY4OC0zNDM2M2JjN2M0YzAiOnsiY3JlYXRlIjozMDAwMDAwMDAwMDAsImRlbGV0ZSI6MzAwMDAwMDAwMDAwLCJ1cGRhdGUiOjMwMDAwMDAwMDAwMH19"
        }
      ]
    },
    {
      "mode": "managed",
      "type": "yandex_compute_disk",
      "name": "disk-kibana",
      "provider": "provider[\"registry.terraform.io/yandex-cloud/yandex\"]",
      "instances": [
        {
          "schema_version": 0,
          "attributes": {
            "allow_recreate": null,
            "block_size": 4096,
            "created_at": "2025-02-17T15:41:06Z",
            "description": "",
            "disk_placement_policy": [
              {
                "disk_placement_group_id": ""
              }
            ],
            "folder_id": "b1gsm1o1ftsmgc28ausj",
            "hardware_generation": [
              {
                "generation2_features": [],
                "legacy_features": [
                  {
                    "pci_topology": "PCI_TOPOLOGY_V1"
                  }
                ]
              }
            ],
            "id": "fhmadbd40b2trgvidcv5",
            "image_id": "fd8rg0kng2d1kg23eu3r",
            "kms_key_id": null,
            "labels": null,
            "name": "disk-kibana",
            "product_ids": [
              "f2e0ehul0bqtdejbna11"
            ],
            "size": 12,
            "snapshot_id": "",
            "status": "ready",
            "timeouts": null,
            "type": "network-hdd",
            "zone": "ru-central1-a"
          },
          "sensitive_attributes": [],
          "private": "eyJlMmJmYjczMC1lY2FhLTExZTYtOGY4OC0zNDM2M2JjN2M0YzAiOnsiY3JlYXRlIjozMDAwMDAwMDAwMDAsImRlbGV0ZSI6MzAwMDAwMDAwMDAwLCJ1cGRhdGUiOjMwMDAwMDAwMDAwMH19"
        }
      ]
    },
    {
      "mode": "managed",
      "type": "yandex_compute_instance",
      "name": "elasticsearch",
      "provider": "provider[\"registry.terraform.io/yandex-cloud/yandex\"]",
      "instances": [
        {
          "schema_version": 1,
          "attributes": {
            "allow_recreate": null,
            "allow_stopping_for_update": null,
            "boot_disk": [
              {
                "auto_delete": true,
                "device_name": "fhmf7qfalm3gatc5jjdj",
                "disk_id": "fhmf7qfalm3gatc5jjdj",
                "initialize_params": [
                  {
                    "block_size": 4096,
                    "description": "",
                    "image_id": "fd8rg0kng2d1kg23eu3r",
                    "kms_key_id": "",
                    "name": "disk-elasticsearch",
                    "size": 12,
                    "snapshot_id": "",
                    "type": "network-hdd"
                  }
                ],
                "mode": "READ_WRITE"
              }
            ],
            "created_at": "2025-02-17T15:41:21Z",
            "description": "",
            "filesystem": [],
            "folder_id": "b1gsm1o1ftsmgc28ausj",
            "fqdn": "fhmet00f0mg6s7es8m9s.auto.internal",
            "gpu_cluster_id": "",
            "hardware_generation": [
              {
                "generation2_features": [],
                "legacy_features": [
                  {
                    "pci_topology": "PCI_TOPOLOGY_V1"
                  }
                ]
              }
            ],
            "hostname": "",
            "id": "fhmet00f0mg6s7es8m9s",
            "labels": null,
            "local_disk": [],
            "maintenance_grace_period": "",
            "maintenance_policy": null,
            "metadata": {
              "user-data": "#cloud-config\n\ndatasource:\n Ec2:\n  strict_id: false\nssh_pwauth: no\nusers:\n- name: admin\n  passwd: 111\n  sudo: ALL=(ALL) NOPASSWD:ALL\n  shell: /bin/bash\n  ssh_authorized_keys:\n  - ssh-rsa AAAAB3NzaC1yc2EAAAADAQABAAABgQCMl12S/xuyqa8R44k2GQ6bfKaEQOV4jN+gSS2uApWrfTI6P62Z906WNO4LBORVLFsvUImp0XfkH/ywiIAWcahFJgKJydJPJyVpMT0BBnTbjHkv6vFGCo8G7jC4bM9i/oq3o3w2xHoOlheFvZ0bSnmhoow3FTSRCpeFJoOP3RaZNCD657G5SRUsLqdsRJ7vaIW6V2j8vKD7EGe3XM0Nm9FlE2DCyLfI4in6ENBdjBLL62EdUJHJ0+JtbPcGhrhQ99rZToObkRg758MACBYGY3YyCvvmY8te4wadRFa77J5TtLSJi9h59m4bqH40XsrA4KmT++MIUzpYHN9UvarGXicKSNskaP3kNmNo5JvbIkKNlenTvHrLMAMnPB/Gl8vNR5gXs6TmQPNm54zBuv9l7PtqutBs9vjfK9d9rCA/dzcWUa3Ty5Q+In7JHRfNKxB8C7L7frVv1fcILg8dfWAsIJsKN+6UJers+Q7bl5u0XvJoeJtreZOYm+toZGSOYwxFrYk= admin1@Debian12"
            },
            "metadata_options": [
              {
                "aws_v1_http_endpoint": 1,
                "aws_v1_http_token": 2,
                "gce_http_endpoint": 1,
                "gce_http_token": 1
              }
            ],
            "name": "elasticsearch",
            "network_acceleration_type": "standard",
            "network_interface": [
              {
                "dns_record": [],
                "index": 0,
                "ip_address": "10.120.0.7",
                "ipv4": true,
                "ipv6": false,
                "ipv6_address": "",
                "ipv6_dns_record": [],
                "mac_address": "d0:0d:ee:80:0f:05",
                "nat": true,
                "nat_dns_record": [],
                "nat_ip_address": "51.250.80.122",
                "nat_ip_version": "IPV4",
                "security_group_ids": [],
                "subnet_id": "e9bfanc2ijpkgqjq2m8v"
              }
            ],
            "placement_policy": [
              {
                "host_affinity_rules": [],
                "placement_group_id": "",
                "placement_group_partition": 0
              }
            ],
            "platform_id": "standard-v1",
            "resources": [
              {
                "core_fraction": 20,
                "cores": 4,
                "gpus": 0,
                "memory": 4
              }
            ],
            "scheduling_policy": [
              {
                "preemptible": true
              }
            ],
            "secondary_disk": [],
            "service_account_id": "",
            "status": "running",
            "timeouts": null,
            "zone": "ru-central1-a"
          },
          "sensitive_attributes": [],
          "private": "eyJlMmJmYjczMC1lY2FhLTExZTYtOGY4OC0zNDM2M2JjN2M0YzAiOnsiY3JlYXRlIjozMDAwMDAwMDAwMDAsImRlbGV0ZSI6MzAwMDAwMDAwMDAwLCJ1cGRhdGUiOjMwMDAwMDAwMDAwMH0sInNjaGVtYV92ZXJzaW9uIjoiMSJ9",
          "dependencies": [
            "yandex_compute_disk.disk-elasticsearch",
            "yandex_vpc_address.network-elasticsearch"
          ]
        }
      ]
    },
    {
      "mode": "managed",
      "type": "yandex_compute_instance",
      "name": "kibana",
      "provider": "provider[\"registry.terraform.io/yandex-cloud/yandex\"]",
      "instances": [
        {
          "schema_version": 1,
          "attributes": {
            "allow_recreate": null,
            "allow_stopping_for_update": null,
            "boot_disk": [
              {
                "auto_delete": true,
                "device_name": "fhmadbd40b2trgvidcv5",
                "disk_id": "fhmadbd40b2trgvidcv5",
                "initialize_params": [
                  {
                    "block_size": 4096,
                    "description": "",
                    "image_id": "fd8rg0kng2d1kg23eu3r",
                    "kms_key_id": "",
                    "name": "disk-kibana",
                    "size": 12,
                    "snapshot_id": "",
                    "type": "network-hdd"
                  }
                ],
                "mode": "READ_WRITE"
              }
            ],
            "created_at": "2025-02-17T15:41:20Z",
            "description": "",
            "filesystem": [],
            "folder_id": "b1gsm1o1ftsmgc28ausj",
            "fqdn": "fhm224hmj42m7g6d6he6.auto.internal",
            "gpu_cluster_id": "",
            "hardware_generation": [
              {
                "generation2_features": [],
                "legacy_features": [
                  {
                    "pci_topology": "PCI_TOPOLOGY_V1"
                  }
                ]
              }
            ],
            "hostname": "",
            "id": "fhm224hmj42m7g6d6he6",
            "labels": null,
            "local_disk": [],
            "maintenance_grace_period": "",
            "maintenance_policy": null,
            "metadata": {
              "user-data": "#cloud-config\n\ndatasource:\n Ec2:\n  strict_id: false\nssh_pwauth: no\nusers:\n- name: admin\n  passwd: 111\n  sudo: ALL=(ALL) NOPASSWD:ALL\n  shell: /bin/bash\n  ssh_authorized_keys:\n  - ssh-rsa AAAAB3NzaC1yc2EAAAADAQABAAABgQCMl12S/xuyqa8R44k2GQ6bfKaEQOV4jN+gSS2uApWrfTI6P62Z906WNO4LBORVLFsvUImp0XfkH/ywiIAWcahFJgKJydJPJyVpMT0BBnTbjHkv6vFGCo8G7jC4bM9i/oq3o3w2xHoOlheFvZ0bSnmhoow3FTSRCpeFJoOP3RaZNCD657G5SRUsLqdsRJ7vaIW6V2j8vKD7EGe3XM0Nm9FlE2DCyLfI4in6ENBdjBLL62EdUJHJ0+JtbPcGhrhQ99rZToObkRg758MACBYGY3YyCvvmY8te4wadRFa77J5TtLSJi9h59m4bqH40XsrA4KmT++MIUzpYHN9UvarGXicKSNskaP3kNmNo5JvbIkKNlenTvHrLMAMnPB/Gl8vNR5gXs6TmQPNm54zBuv9l7PtqutBs9vjfK9d9rCA/dzcWUa3Ty5Q+In7JHRfNKxB8C7L7frVv1fcILg8dfWAsIJsKN+6UJers+Q7bl5u0XvJoeJtreZOYm+toZGSOYwxFrYk= admin1@Debian12"
            },
            "metadata_options": [
              {
                "aws_v1_http_endpoint": 1,
                "aws_v1_http_token": 2,
                "gce_http_endpoint": 1,
                "gce_http_token": 1
              }
            ],
            "name": "kibana",
            "network_acceleration_type": "standard",
            "network_interface": [
              {
                "dns_record": [],
                "index": 0,
                "ip_address": "10.110.0.37",
                "ipv4": true,
                "ipv6": false,
                "ipv6_address": "",
                "ipv6_dns_record": [],
                "mac_address": "d0:0d:21:12:36:99",
                "nat": true,
                "nat_dns_record": [],
                "nat_ip_address": "89.169.142.45",
                "nat_ip_version": "IPV4",
                "security_group_ids": [],
                "subnet_id": "e9bqj3op0aq4dn7o1u6l"
              }
            ],
            "placement_policy": [
              {
                "host_affinity_rules": [],
                "placement_group_id": "",
                "placement_group_partition": 0
              }
            ],
            "platform_id": "standard-v1",
            "resources": [
              {
                "core_fraction": 20,
                "cores": 2,
                "gpus": 0,
                "memory": 2
              }
            ],
            "scheduling_policy": [
              {
                "preemptible": true
              }
            ],
            "secondary_disk": [],
            "service_account_id": "",
            "status": "running",
            "timeouts": null,
            "zone": "ru-central1-a"
          },
          "sensitive_attributes": [],
          "private": "eyJlMmJmYjczMC1lY2FhLTExZTYtOGY4OC0zNDM2M2JjN2M0YzAiOnsiY3JlYXRlIjozMDAwMDAwMDAwMDAsImRlbGV0ZSI6MzAwMDAwMDAwMDAwLCJ1cGRhdGUiOjMwMDAwMDAwMDAwMH0sInNjaGVtYV92ZXJzaW9uIjoiMSJ9",
          "dependencies": [
            "yandex_compute_disk.disk-kibana",
            "yandex_vpc_address.network-kibana"
          ]
        }
      ]
    },
    {
      "mode": "managed",
      "type": "yandex_vpc_address",
      "name": "network-elasticsearch",
      "provider": "provider[\"registry.terraform.io/yandex-cloud/yandex\"]",
      "instances": [
        {
          "schema_version": 0,
          "attributes": {
            "created_at": "2025-02-17T15:41:06Z",
            "deletion_protection": false,
            "description": "",
            "dns_record": [],
            "external_ipv4_address": [
              {
                "address": "51.250.80.122",
                "ddos_protection_provider": "",
                "outgoing_smtp_capability": "",
                "zone_id": "ru-central1-a"
              }
            ],
            "folder_id": "b1gsm1o1ftsmgc28ausj",
            "id": "e9bg9r9fabdjbq6l7mj4",
            "labels": {},
            "name": "network-elasticsearch",
            "reserved": true,
            "timeouts": null,
            "used": false
          },
          "sensitive_attributes": [],
          "private": "eyJlMmJmYjczMC1lY2FhLTExZTYtOGY4OC0zNDM2M2JjN2M0YzAiOnsiY3JlYXRlIjozMDAwMDAwMDAwMCwiZGVsZXRlIjozMDAwMDAwMDAwMCwidXBkYXRlIjozMDAwMDAwMDAwMH19"
        }
      ]
    },
    {
      "mode": "managed",
      "type": "yandex_vpc_address",
      "name": "network-kibana",
      "provider": "provider[\"registry.terraform.io/yandex-cloud/yandex\"]",
      "instances": [
        {
          "schema_version": 0,
          "attributes": {
            "created_at": "2025-02-17T15:41:07Z",
            "deletion_protection": false,
            "description": "",
            "dns_record": [],
            "external_ipv4_address": [
              {
                "address": "89.169.142.45",
                "ddos_protection_provider": "",
                "outgoing_smtp_capability": "",
                "zone_id": "ru-central1-a"
              }
            ],
            "folder_id": "b1gsm1o1ftsmgc28ausj",
            "id": "e9b1gf7hetpijn94s1n5",
            "labels": {},
            "name": "network-kibana",
            "reserved": true,
            "timeouts": null,
            "used": false
          },
          "sensitive_attributes": [],
          "private": "eyJlMmJmYjczMC1lY2FhLTExZTYtOGY4OC0zNDM2M2JjN2M0YzAiOnsiY3JlYXRlIjozMDAwMDAwMDAwMCwiZGVsZXRlIjozMDAwMDAwMDAwMCwidXBkYXRlIjozMDAwMDAwMDAwMH19"
        }
      ]
    }
  ],
  "check_results": null
}
