{
  "version": 4,
  "terraform_version": "1.9.3",
  "serial": 36,
  "lineage": "9cef14cb-750c-0bed-13f5-409a9c0669e0",
  "outputs": {
    "external_ipv4_address": {
      "value": "158.160.35.89",
      "type": "string"
    }
  },
  "resources": [
    {
      "mode": "managed",
      "type": "yandex_compute_disk",
      "name": "disk-zabbix-server",
      "provider": "provider[\"registry.terraform.io/yandex-cloud/yandex\"]",
      "instances": [
        {
          "schema_version": 0,
          "attributes": {
            "allow_recreate": null,
            "block_size": 4096,
            "created_at": "2025-01-30T16:13:29Z",
            "description": "",
            "disk_placement_policy": [
              {
                "disk_placement_group_id": ""
              }
            ],
            "folder_id": "b1gsm1o1ftsmgc28ausj",
            "hardware_generation": [
              {
                "generation2_features": [],
                "legacy_features": [
                  {
                    "pci_topology": "PCI_TOPOLOGY_V1"
                  }
                ]
              }
            ],
            "id": "fhmlgkmh1oe1gf0i76is",
            "image_id": "fd870suu28d40fqp8srr",
            "kms_key_id": null,
            "labels": {
              "project": "zabbix-server"
            },
            "name": "disk-zabbix-server",
            "product_ids": [
              "f2efh2aljec0b92v9d0g"
            ],
            "size": 20,
            "snapshot_id": "",
            "status": "ready",
            "timeouts": null,
            "type": "network-hdd",
            "zone": "ru-central1-a"
          },
          "sensitive_attributes": [],
          "private": "eyJlMmJmYjczMC1lY2FhLTExZTYtOGY4OC0zNDM2M2JjN2M0YzAiOnsiY3JlYXRlIjozMDAwMDAwMDAwMDAsImRlbGV0ZSI6MzAwMDAwMDAwMDAwLCJ1cGRhdGUiOjMwMDAwMDAwMDAwMH19"
        }
      ]
    },
    {
      "mode": "managed",
      "type": "yandex_compute_instance",
      "name": "zabbix-server",
      "provider": "provider[\"registry.terraform.io/yandex-cloud/yandex\"]",
      "instances": [
        {
          "schema_version": 1,
          "attributes": {
            "allow_recreate": null,
            "allow_stopping_for_update": null,
            "boot_disk": [
              {
                "auto_delete": true,
                "device_name": "fhmlgkmh1oe1gf0i76is",
                "disk_id": "fhmlgkmh1oe1gf0i76is",
                "initialize_params": [
                  {
                    "block_size": 4096,
                    "description": "",
                    "image_id": "fd870suu28d40fqp8srr",
                    "kms_key_id": "",
                    "name": "disk-zabbix-server",
                    "size": 20,
                    "snapshot_id": "",
                    "type": "network-hdd"
                  }
                ],
                "mode": "READ_WRITE"
              }
            ],
            "created_at": "2025-01-30T16:13:40Z",
            "description": "",
            "filesystem": [],
            "folder_id": "b1gsm1o1ftsmgc28ausj",
            "fqdn": "fhmgmh1s5bicbavhl45g.auto.internal",
            "gpu_cluster_id": "",
            "hardware_generation": [
              {
                "generation2_features": [],
                "legacy_features": [
                  {
                    "pci_topology": "PCI_TOPOLOGY_V1"
                  }
                ]
              }
            ],
            "hostname": "",
            "id": "fhmgmh1s5bicbavhl45g",
            "labels": null,
            "local_disk": [],
            "maintenance_grace_period": "",
            "maintenance_policy": null,
            "metadata": {
              "user-data": "#cloud-config\n\ndatasource:\n Ec2:\n  strict_id: false\nssh_pwauth: no\nusers:\n- name: zabbix\n  passwd: 111\n  sudo: ALL=(ALL) NOPASSWD:ALL\n  shell: /bin/bash\n  ssh_authorized_keys:\n  - ssh-rsa AAAAB3NzaC1yc2EAAAADAQABAAABgQCMl12S/xuyqa8R44k2GQ6bfKaEQOV4jN+gSS2uApWrfTI6P62Z906WNO4LBORVLFsvUImp0XfkH/ywiIAWcahFJgKJydJPJyVpMT0BBnTbjHkv6vFGCo8G7jC4bM9i/oq3o3w2xHoOlheFvZ0bSnmhoow3FTSRCpeFJoOP3RaZNCD657G5SRUsLqdsRJ7vaIW6V2j8vKD7EGe3XM0Nm9FlE2DCyLfI4in6ENBdjBLL62EdUJHJ0+JtbPcGhrhQ99rZToObkRg758MACBYGY3YyCvvmY8te4wadRFa77J5TtLSJi9h59m4bqH40XsrA4KmT++MIUzpYHN9UvarGXicKSNskaP3kNmNo5JvbIkKNlenTvHrLMAMnPB/Gl8vNR5gXs6TmQPNm54zBuv9l7PtqutBs9vjfK9d9rCA/dzcWUa3Ty5Q+In7JHRfNKxB8C7L7frVv1fcILg8dfWAsIJsKN+6UJers+Q7bl5u0XvJoeJtreZOYm+toZGSOYwxFrYk= admin1@Debian12"
            },
            "metadata_options": [
              {
                "aws_v1_http_endpoint": 1,
                "aws_v1_http_token": 2,
                "gce_http_endpoint": 1,
                "gce_http_token": 1
              }
            ],
            "name": "zabbix-server",
            "network_acceleration_type": "standard",
            "network_interface": [
              {
                "dns_record": [],
                "index": 0,
                "ip_address": "10.128.0.32",
                "ipv4": true,
                "ipv6": false,
                "ipv6_address": "",
                "ipv6_dns_record": [],
                "mac_address": "d0:0d:10:b4:43:c2",
                "nat": true,
                "nat_dns_record": [],
                "nat_ip_address": "158.160.35.89",
                "nat_ip_version": "IPV4",
                "security_group_ids": [],
                "subnet_id": "e9bkrdr2afi4mjq4lr3h"
              }
            ],
            "placement_policy": [
              {
                "host_affinity_rules": [],
                "placement_group_id": "",
                "placement_group_partition": 0
              }
            ],
            "platform_id": "standard-v1",
            "resources": [
              {
                "core_fraction": 20,
                "cores": 4,
                "gpus": 0,
                "memory": 8
              }
            ],
            "scheduling_policy": [
              {
                "preemptible": true
              }
            ],
            "secondary_disk": [],
            "service_account_id": "",
            "status": "running",
            "timeouts": null,
            "zone": "ru-central1-a"
          },
          "sensitive_attributes": [],
          "private": "eyJlMmJmYjczMC1lY2FhLTExZTYtOGY4OC0zNDM2M2JjN2M0YzAiOnsiY3JlYXRlIjozMDAwMDAwMDAwMDAsImRlbGV0ZSI6MzAwMDAwMDAwMDAwLCJ1cGRhdGUiOjMwMDAwMDAwMDAwMH0sInNjaGVtYV92ZXJzaW9uIjoiMSJ9",
          "dependencies": [
            "yandex_compute_disk.disk-zabbix-server",
            "yandex_vpc_address.network-zabbix-server"
          ]
        }
      ]
    },
    {
      "mode": "managed",
      "type": "yandex_vpc_address",
      "name": "network-zabbix-server",
      "provider": "provider[\"registry.terraform.io/yandex-cloud/yandex\"]",
      "instances": [
        {
          "schema_version": 0,
          "attributes": {
            "created_at": "2025-01-30T16:13:30Z",
            "deletion_protection": false,
            "description": "",
            "dns_record": [],
            "external_ipv4_address": [
              {
                "address": "158.160.35.89",
                "ddos_protection_provider": "",
                "outgoing_smtp_capability": "",
                "zone_id": "ru-central1-a"
              }
            ],
            "folder_id": "b1gsm1o1ftsmgc28ausj",
            "id": "e9bbt8b31al1k1denbn2",
            "labels": {},
            "name": "network",
            "reserved": true,
            "timeouts": null,
            "used": false
          },
          "sensitive_attributes": [],
          "private": "eyJlMmJmYjczMC1lY2FhLTExZTYtOGY4OC0zNDM2M2JjN2M0YzAiOnsiY3JlYXRlIjozMDAwMDAwMDAwMCwiZGVsZXRlIjozMDAwMDAwMDAwMCwidXBkYXRlIjozMDAwMDAwMDAwMH19"
        }
      ]
    }
  ],
  "check_results": null
}
